<?xml version="1.0" encoding="utf-8"?>
<Project ToolsVersion="4.0" xmlns="http://schemas.microsoft.com/developer/msbuild/2003">
  <ItemGroup>
    <Filter Include="源文件">
      <UniqueIdentifier>{4FC737F1-C7A5-4376-A066-2A32D752A2FF}</UniqueIdentifier>
      <Extensions>cpp;c;cc;cxx;def;odl;idl;hpj;bat;asm;asmx</Extensions>
    </Filter>
    <Filter Include="头文件">
      <UniqueIdentifier>{93995380-89BD-4b04-88EB-625FBE52EBFB}</UniqueIdentifier>
      <Extensions>h;hpp;hxx;hm;inl;inc;xsd</Extensions>
    </Filter>
    <Filter Include="资源文件">
      <UniqueIdentifier>{67DA6AB6-F800-4c08-8B7A-83BB121AAD01}</UniqueIdentifier>
      <Extensions>rc;ico;cur;bmp;dlg;rc2;rct;bin;rgs;gif;jpg;jpeg;jpe;resx;tiff;tif;png;wav;mfcribbon-ms</Extensions>
    </Filter>
    <Filter Include="utils">
      <UniqueIdentifier>{cf2d9017-44af-4be7-9f85-2f2343823e8d}</UniqueIdentifier>
    </Filter>
    <Filter Include="common">
      <UniqueIdentifier>{c233baee-73be-4573-abde-ed3ba473a22c}</UniqueIdentifier>
    </Filter>
    <Filter Include="safe">
      <UniqueIdentifier>{454aea28-e0c2-4fe5-8f6e-29392647a9b2}</UniqueIdentifier>
    </Filter>
    <Filter Include="process">
      <UniqueIdentifier>{e942af3a-6cc8-4fed-a98f-b5e5fce3f912}</UniqueIdentifier>
    </Filter>
    <Filter Include="test">
      <UniqueIdentifier>{f5f6a647-70ab-4e05-921b-4f2a41aa4f14}</UniqueIdentifier>
    </Filter>
  </ItemGroup>
  <ItemGroup>
    <Text Include="ReadMe.txt" />
  </ItemGroup>
  <ItemGroup>
    <ClInclude Include="stdafx.h">
      <Filter>头文件</Filter>
    </ClInclude>
    <ClInclude Include="targetver.h">
      <Filter>头文件</Filter>
    </ClInclude>
    <ClInclude Include="Resource.h">
      <Filter>头文件</Filter>
    </ClInclude>
    <ClInclude Include="basehelper.h">
      <Filter>头文件</Filter>
    </ClInclude>
    <ClInclude Include="utils\OSHelper.h">
      <Filter>utils</Filter>
    </ClInclude>
    <ClInclude Include="utils\AppUtils.h">
      <Filter>utils</Filter>
    </ClInclude>
    <ClInclude Include="common\Singleton.h">
      <Filter>common</Filter>
    </ClInclude>
    <ClInclude Include="utils\PathUtils.h">
      <Filter>utils</Filter>
    </ClInclude>
    <ClInclude Include="safe\md5.h">
      <Filter>safe</Filter>
    </ClInclude>
    <ClInclude Include="utils\StringUtils.h">
      <Filter>utils</Filter>
    </ClInclude>
    <ClInclude Include="utils\FileVersionUtils.h">
      <Filter>utils</Filter>
    </ClInclude>
    <ClInclude Include="utils\utils.h">
      <Filter>utils</Filter>
    </ClInclude>
    <ClInclude Include="utils\FileUtils.h">
      <Filter>utils</Filter>
    </ClInclude>
    <ClInclude Include="utils\RegUtils.h">
      <Filter>utils</Filter>
    </ClInclude>
    <ClInclude Include="utils\SvcUtils.h">
      <Filter>utils</Filter>
    </ClInclude>
    <ClInclude Include="utils\CmdLineUtils.h">
      <Filter>utils</Filter>
    </ClInclude>
    <ClInclude Include="utils\SvcMsg.h">
      <Filter>utils</Filter>
    </ClInclude>
    <ClInclude Include="process\ThreadUtils.h">
      <Filter>process</Filter>
    </ClInclude>
    <ClInclude Include="test\ThreadUtilsTest.h">
      <Filter>test</Filter>
    </ClInclude>
    <ClInclude Include="process\ExceptionLogUtils.h">
      <Filter>process</Filter>
    </ClInclude>
  </ItemGroup>
  <ItemGroup>
    <ClCompile Include="stdafx.cpp">
      <Filter>源文件</Filter>
    </ClCompile>
    <ClCompile Include="basehelper.cpp">
      <Filter>源文件</Filter>
    </ClCompile>
    <ClCompile Include="utils\OSHelper.cpp">
      <Filter>utils</Filter>
    </ClCompile>
    <ClCompile Include="utils\AppUtils.cpp">
      <Filter>utils</Filter>
    </ClCompile>
    <ClCompile Include="utils\PathUtils.cpp">
      <Filter>utils</Filter>
    </ClCompile>
    <ClCompile Include="safe\md5.cpp">
      <Filter>safe</Filter>
    </ClCompile>
    <ClCompile Include="utils\StringUtils.cpp">
      <Filter>utils</Filter>
    </ClCompile>
    <ClCompile Include="utils\FileVersionUtils.cpp">
      <Filter>utils</Filter>
    </ClCompile>
    <ClCompile Include="utils\FileUtils.cpp">
      <Filter>utils</Filter>
    </ClCompile>
    <ClCompile Include="utils\RegUtils.cpp">
      <Filter>utils</Filter>
    </ClCompile>
    <ClCompile Include="utils\SvcUtils.cpp">
      <Filter>utils</Filter>
    </ClCompile>
    <ClCompile Include="test\ThreadUtilsTest.cpp">
      <Filter>test</Filter>
    </ClCompile>
    <ClCompile Include="process\ExceptionLogUtils.cpp">
      <Filter>process</Filter>
    </ClCompile>
  </ItemGroup>
  <ItemGroup>
    <ResourceCompile Include="basehelper.rc">
      <Filter>资源文件</Filter>
    </ResourceCompile>
  </ItemGroup>
  <ItemGroup>
    <Image Include="small.ico">
      <Filter>资源文件</Filter>
    </Image>
    <Image Include="basehelper.ico">
      <Filter>资源文件</Filter>
    </Image>
  </ItemGroup>
</Project>