
Microsoft Visual Studio Solution File, Format Version 12.00
# Visual Studio 2012
Project("{8BC9CEB8-8B4A-11D0-8D11-00A0C91BC942}") = "yBase", "yBase\yBase.vcxproj", "{7D7CC065-0D4D-4297-8CED-0E88766666AA}"
EndProject
Project("{2150E333-8FDC-42A3-9474-1A3956D46DE8}") = "TestTool", "TestTool", "{D6CD16FF-0026-4431-AB47-8253DAB5607C}"
EndProject
Project("{8BC9CEB8-8B4A-11D0-8D11-00A0C91BC942}") = "TestMfc", "TestTool\TestMfc\TestMfc.vcxproj", "{7F3E7217-473E-43A7-906D-444DBAE3EEC5}"
EndProject
Project("{8BC9CEB8-8B4A-11D0-8D11-00A0C91BC942}") = "TestMain", "TestTool\TestMain\TestMain.vcxproj", "{6C33C401-D074-4B29-8B0B-55676D3D05CC}"
EndProject
Project("{8BC9CEB8-8B4A-11D0-8D11-00A0C91BC942}") = "MouseDll", "TestTool\MouseDll\MouseDll.vcxproj", "{46FD102A-DA96-4552-9F80-6A2CE3D4A438}"
EndProject
Project("{8BC9CEB8-8B4A-11D0-8D11-00A0C91BC942}") = "IUnknow", "TestTool\IUnknow\IUnknow.vcxproj", "{7E76C8AC-BBFA-494D-AD40-C6A4890472C6}"
EndProject
Project("{8BC9CEB8-8B4A-11D0-8D11-00A0C91BC942}") = "ATLTest", "TestTool\ATLTest\ATLTest.vcxproj", "{7BCF6846-B6D2-4361-8B93-46B356D5100D}"
EndProject
Project("{2150E333-8FDC-42A3-9474-1A3956D46DE8}") = "socket", "socket", "{5CB3E49E-7A9B-436B-81D7-E591A75D9F58}"
EndProject
Project("{8BC9CEB8-8B4A-11D0-8D11-00A0C91BC942}") = "SocketSvc", "TestTool\socket\sockettest\SocketSvc\SocketSvc.vcxproj", "{FC94455D-54F9-4145-9029-0A605AA4BDDA}"
EndProject
Project("{8BC9CEB8-8B4A-11D0-8D11-00A0C91BC942}") = "SockClient", "TestTool\socket\sockettest\SockClient\SockClient.vcxproj", "{CF4782B0-BD09-4AF6-9E2B-869C91CFA546}"
EndProject
Project("{8BC9CEB8-8B4A-11D0-8D11-00A0C91BC942}") = "cTest", "TestTool\cTest\cTest.vcxproj", "{C0C9C9D8-5377-4E60-AA91-D4EF5737A9AE}"
EndProject
Project("{8BC9CEB8-8B4A-11D0-8D11-00A0C91BC942}") = "glog", "TestTool\glog\glog.vcxproj", "{2FE5A9DF-C6B8-4E3B-A856-16BBBA98B2F3}"
EndProject
Project("{2150E333-8FDC-42A3-9474-1A3956D46DE8}") = "single", "single", "{8BC8018C-9621-4137-BB7F-02EEBC9EB360}"
EndProject
Project("{8BC9CEB8-8B4A-11D0-8D11-00A0C91BC942}") = "PipeTest", "TestTool\single\PipeTest\PipeTest.vcxproj", "{302B5A89-FB80-4FC4-B554-46F97D5820F3}"
EndProject
Project("{8BC9CEB8-8B4A-11D0-8D11-00A0C91BC942}") = "PipeClient", "TestTool\single\PipeClient\PipeClient.vcxproj", "{640E2633-A52A-4126-BB2D-B974A88CB075}"
EndProject
Project("{8BC9CEB8-8B4A-11D0-8D11-00A0C91BC942}") = "MaillistSvc", "TestTool\socket\MaillistSvc\MaillistSvc.vcxproj", "{EB222182-2D18-45CA-BEBE-85185BFE8AF2}"
EndProject
Project("{8BC9CEB8-8B4A-11D0-8D11-00A0C91BC942}") = "MaillistClient", "TestTool\socket\MaillistClient\MaillistClient.vcxproj", "{7171D785-051D-4338-9244-B3E2DB6B1862}"
EndProject
Project("{2150E333-8FDC-42A3-9474-1A3956D46DE8}") = "opensource", "opensource", "{148516CB-2E76-46C6-95D2-9DA221F3643F}"
EndProject
Project("{8BC9CEB8-8B4A-11D0-8D11-00A0C91BC942}") = "cSocket", "TestTool\socket\opensource\cSocket\cSocket.vcxproj", "{DC85CF13-367B-49FC-888A-BBF1486C798D}"
EndProject
Project("{2150E333-8FDC-42A3-9474-1A3956D46DE8}") = "except", "except", "{F5302CDF-1426-470A-AC4A-9A81F558F833}"
EndProject
Project("{8BC9CEB8-8B4A-11D0-8D11-00A0C91BC942}") = "nimidump", "TestTool\except\nimidump\nimidump.vcxproj", "{CFC9272F-2C07-4295-8430-0F65BC2F4E55}"
EndProject
Project("{8BC9CEB8-8B4A-11D0-8D11-00A0C91BC942}") = "exptest", "TestTool\except\exptest\exptest.vcxproj", "{44AD36D8-62FF-4234-873F-35CC548A7314}"
EndProject
Project("{8BC9CEB8-8B4A-11D0-8D11-00A0C91BC942}") = "CreateDump", "TestTool\except\CreateDump\CreateDump.vcxproj", "{8840BC52-0D18-4F53-9368-B7BD7011A07E}"
EndProject
Project("{2150E333-8FDC-42A3-9474-1A3956D46DE8}") = "windowhandle", "windowhandle", "{3C8C0CF5-80EE-441B-8158-31385E9EFDA4}"
EndProject
Project("{8BC9CEB8-8B4A-11D0-8D11-00A0C91BC942}") = "MessageFormat", "windowshandle\MessageFormat\MessageFormat.vcxproj", "{9166019D-E81F-42E5-97B9-2D8F6B2D797C}"
EndProject
Project("{8BC9CEB8-8B4A-11D0-8D11-00A0C91BC942}") = "T2Uncode", "windowshandle\T2Uncode\T2Uncode.vcxproj", "{59288C5C-E3E8-4E82-BBF6-020DFC354E73}"
EndProject
Global
	GlobalSection(SolutionConfigurationPlatforms) = preSolution
		Debug|Win32 = Debug|Win32
		Release|Win32 = Release|Win32
	EndGlobalSection
	GlobalSection(ProjectConfigurationPlatforms) = postSolution
		{7D7CC065-0D4D-4297-8CED-0E88766666AA}.Debug|Win32.ActiveCfg = Debug|Win32
		{7D7CC065-0D4D-4297-8CED-0E88766666AA}.Debug|Win32.Build.0 = Debug|Win32
		{7D7CC065-0D4D-4297-8CED-0E88766666AA}.Debug|Win32.Deploy.0 = Debug|Win32
		{7D7CC065-0D4D-4297-8CED-0E88766666AA}.Release|Win32.ActiveCfg = Release|Win32
		{7D7CC065-0D4D-4297-8CED-0E88766666AA}.Release|Win32.Build.0 = Release|Win32
		{7D7CC065-0D4D-4297-8CED-0E88766666AA}.Release|Win32.Deploy.0 = Release|Win32
		{7F3E7217-473E-43A7-906D-444DBAE3EEC5}.Debug|Win32.ActiveCfg = Debug|Win32
		{7F3E7217-473E-43A7-906D-444DBAE3EEC5}.Debug|Win32.Build.0 = Debug|Win32
		{7F3E7217-473E-43A7-906D-444DBAE3EEC5}.Debug|Win32.Deploy.0 = Debug|Win32
		{7F3E7217-473E-43A7-906D-444DBAE3EEC5}.Release|Win32.ActiveCfg = Release|Win32
		{7F3E7217-473E-43A7-906D-444DBAE3EEC5}.Release|Win32.Build.0 = Release|Win32
		{7F3E7217-473E-43A7-906D-444DBAE3EEC5}.Release|Win32.Deploy.0 = Release|Win32
		{6C33C401-D074-4B29-8B0B-55676D3D05CC}.Debug|Win32.ActiveCfg = Debug|Win32
		{6C33C401-D074-4B29-8B0B-55676D3D05CC}.Debug|Win32.Build.0 = Debug|Win32
		{6C33C401-D074-4B29-8B0B-55676D3D05CC}.Debug|Win32.Deploy.0 = Debug|Win32
		{6C33C401-D074-4B29-8B0B-55676D3D05CC}.Release|Win32.ActiveCfg = Release|Win32
		{6C33C401-D074-4B29-8B0B-55676D3D05CC}.Release|Win32.Build.0 = Release|Win32
		{6C33C401-D074-4B29-8B0B-55676D3D05CC}.Release|Win32.Deploy.0 = Release|Win32
		{46FD102A-DA96-4552-9F80-6A2CE3D4A438}.Debug|Win32.ActiveCfg = Debug|Win32
		{46FD102A-DA96-4552-9F80-6A2CE3D4A438}.Debug|Win32.Build.0 = Debug|Win32
		{46FD102A-DA96-4552-9F80-6A2CE3D4A438}.Debug|Win32.Deploy.0 = Debug|Win32
		{46FD102A-DA96-4552-9F80-6A2CE3D4A438}.Release|Win32.ActiveCfg = Release|Win32
		{46FD102A-DA96-4552-9F80-6A2CE3D4A438}.Release|Win32.Build.0 = Release|Win32
		{46FD102A-DA96-4552-9F80-6A2CE3D4A438}.Release|Win32.Deploy.0 = Release|Win32
		{7E76C8AC-BBFA-494D-AD40-C6A4890472C6}.Debug|Win32.ActiveCfg = Debug|Win32
		{7E76C8AC-BBFA-494D-AD40-C6A4890472C6}.Debug|Win32.Build.0 = Debug|Win32
		{7E76C8AC-BBFA-494D-AD40-C6A4890472C6}.Debug|Win32.Deploy.0 = Debug|Win32
		{7E76C8AC-BBFA-494D-AD40-C6A4890472C6}.Release|Win32.ActiveCfg = Release|Win32
		{7E76C8AC-BBFA-494D-AD40-C6A4890472C6}.Release|Win32.Build.0 = Release|Win32
		{7E76C8AC-BBFA-494D-AD40-C6A4890472C6}.Release|Win32.Deploy.0 = Release|Win32
		{7BCF6846-B6D2-4361-8B93-46B356D5100D}.Debug|Win32.ActiveCfg = Debug|Win32
		{7BCF6846-B6D2-4361-8B93-46B356D5100D}.Debug|Win32.Build.0 = Debug|Win32
		{7BCF6846-B6D2-4361-8B93-46B356D5100D}.Debug|Win32.Deploy.0 = Debug|Win32
		{7BCF6846-B6D2-4361-8B93-46B356D5100D}.Release|Win32.ActiveCfg = Release|Win32
		{7BCF6846-B6D2-4361-8B93-46B356D5100D}.Release|Win32.Build.0 = Release|Win32
		{7BCF6846-B6D2-4361-8B93-46B356D5100D}.Release|Win32.Deploy.0 = Release|Win32
		{FC94455D-54F9-4145-9029-0A605AA4BDDA}.Debug|Win32.ActiveCfg = Debug|Win32
		{FC94455D-54F9-4145-9029-0A605AA4BDDA}.Debug|Win32.Build.0 = Debug|Win32
		{FC94455D-54F9-4145-9029-0A605AA4BDDA}.Debug|Win32.Deploy.0 = Debug|Win32
		{FC94455D-54F9-4145-9029-0A605AA4BDDA}.Release|Win32.ActiveCfg = Release|Win32
		{FC94455D-54F9-4145-9029-0A605AA4BDDA}.Release|Win32.Build.0 = Release|Win32
		{FC94455D-54F9-4145-9029-0A605AA4BDDA}.Release|Win32.Deploy.0 = Release|Win32
		{CF4782B0-BD09-4AF6-9E2B-869C91CFA546}.Debug|Win32.ActiveCfg = Debug|Win32
		{CF4782B0-BD09-4AF6-9E2B-869C91CFA546}.Debug|Win32.Build.0 = Debug|Win32
		{CF4782B0-BD09-4AF6-9E2B-869C91CFA546}.Debug|Win32.Deploy.0 = Debug|Win32
		{CF4782B0-BD09-4AF6-9E2B-869C91CFA546}.Release|Win32.ActiveCfg = Release|Win32
		{CF4782B0-BD09-4AF6-9E2B-869C91CFA546}.Release|Win32.Build.0 = Release|Win32
		{CF4782B0-BD09-4AF6-9E2B-869C91CFA546}.Release|Win32.Deploy.0 = Release|Win32
		{C0C9C9D8-5377-4E60-AA91-D4EF5737A9AE}.Debug|Win32.ActiveCfg = Debug|Win32
		{C0C9C9D8-5377-4E60-AA91-D4EF5737A9AE}.Debug|Win32.Build.0 = Debug|Win32
		{C0C9C9D8-5377-4E60-AA91-D4EF5737A9AE}.Debug|Win32.Deploy.0 = Debug|Win32
		{C0C9C9D8-5377-4E60-AA91-D4EF5737A9AE}.Release|Win32.ActiveCfg = Release|Win32
		{C0C9C9D8-5377-4E60-AA91-D4EF5737A9AE}.Release|Win32.Build.0 = Release|Win32
		{C0C9C9D8-5377-4E60-AA91-D4EF5737A9AE}.Release|Win32.Deploy.0 = Release|Win32
		{2FE5A9DF-C6B8-4E3B-A856-16BBBA98B2F3}.Debug|Win32.ActiveCfg = Debug|Win32
		{2FE5A9DF-C6B8-4E3B-A856-16BBBA98B2F3}.Debug|Win32.Build.0 = Debug|Win32
		{2FE5A9DF-C6B8-4E3B-A856-16BBBA98B2F3}.Debug|Win32.Deploy.0 = Debug|Win32
		{2FE5A9DF-C6B8-4E3B-A856-16BBBA98B2F3}.Release|Win32.ActiveCfg = Release|Win32
		{2FE5A9DF-C6B8-4E3B-A856-16BBBA98B2F3}.Release|Win32.Build.0 = Release|Win32
		{2FE5A9DF-C6B8-4E3B-A856-16BBBA98B2F3}.Release|Win32.Deploy.0 = Release|Win32
		{302B5A89-FB80-4FC4-B554-46F97D5820F3}.Debug|Win32.ActiveCfg = Debug|Win32
		{302B5A89-FB80-4FC4-B554-46F97D5820F3}.Debug|Win32.Build.0 = Debug|Win32
		{302B5A89-FB80-4FC4-B554-46F97D5820F3}.Debug|Win32.Deploy.0 = Debug|Win32
		{302B5A89-FB80-4FC4-B554-46F97D5820F3}.Release|Win32.ActiveCfg = Release|Win32
		{302B5A89-FB80-4FC4-B554-46F97D5820F3}.Release|Win32.Build.0 = Release|Win32
		{302B5A89-FB80-4FC4-B554-46F97D5820F3}.Release|Win32.Deploy.0 = Release|Win32
		{640E2633-A52A-4126-BB2D-B974A88CB075}.Debug|Win32.ActiveCfg = Debug|Win32
		{640E2633-A52A-4126-BB2D-B974A88CB075}.Debug|Win32.Build.0 = Debug|Win32
		{640E2633-A52A-4126-BB2D-B974A88CB075}.Debug|Win32.Deploy.0 = Debug|Win32
		{640E2633-A52A-4126-BB2D-B974A88CB075}.Release|Win32.ActiveCfg = Release|Win32
		{640E2633-A52A-4126-BB2D-B974A88CB075}.Release|Win32.Build.0 = Release|Win32
		{640E2633-A52A-4126-BB2D-B974A88CB075}.Release|Win32.Deploy.0 = Release|Win32
		{EB222182-2D18-45CA-BEBE-85185BFE8AF2}.Debug|Win32.ActiveCfg = Debug|Win32
		{EB222182-2D18-45CA-BEBE-85185BFE8AF2}.Debug|Win32.Build.0 = Debug|Win32
		{EB222182-2D18-45CA-BEBE-85185BFE8AF2}.Debug|Win32.Deploy.0 = Debug|Win32
		{EB222182-2D18-45CA-BEBE-85185BFE8AF2}.Release|Win32.ActiveCfg = Release|Win32
		{EB222182-2D18-45CA-BEBE-85185BFE8AF2}.Release|Win32.Build.0 = Release|Win32
		{EB222182-2D18-45CA-BEBE-85185BFE8AF2}.Release|Win32.Deploy.0 = Release|Win32
		{7171D785-051D-4338-9244-B3E2DB6B1862}.Debug|Win32.ActiveCfg = Debug|Win32
		{7171D785-051D-4338-9244-B3E2DB6B1862}.Debug|Win32.Build.0 = Debug|Win32
		{7171D785-051D-4338-9244-B3E2DB6B1862}.Debug|Win32.Deploy.0 = Debug|Win32
		{7171D785-051D-4338-9244-B3E2DB6B1862}.Release|Win32.ActiveCfg = Release|Win32
		{7171D785-051D-4338-9244-B3E2DB6B1862}.Release|Win32.Build.0 = Release|Win32
		{7171D785-051D-4338-9244-B3E2DB6B1862}.Release|Win32.Deploy.0 = Release|Win32
		{DC85CF13-367B-49FC-888A-BBF1486C798D}.Debug|Win32.ActiveCfg = Debug|Win32
		{DC85CF13-367B-49FC-888A-BBF1486C798D}.Debug|Win32.Build.0 = Debug|Win32
		{DC85CF13-367B-49FC-888A-BBF1486C798D}.Debug|Win32.Deploy.0 = Debug|Win32
		{DC85CF13-367B-49FC-888A-BBF1486C798D}.Release|Win32.ActiveCfg = Release|Win32
		{DC85CF13-367B-49FC-888A-BBF1486C798D}.Release|Win32.Build.0 = Release|Win32
		{DC85CF13-367B-49FC-888A-BBF1486C798D}.Release|Win32.Deploy.0 = Release|Win32
		{CFC9272F-2C07-4295-8430-0F65BC2F4E55}.Debug|Win32.ActiveCfg = Debug|Win32
		{CFC9272F-2C07-4295-8430-0F65BC2F4E55}.Debug|Win32.Build.0 = Debug|Win32
		{CFC9272F-2C07-4295-8430-0F65BC2F4E55}.Debug|Win32.Deploy.0 = Debug|Win32
		{CFC9272F-2C07-4295-8430-0F65BC2F4E55}.Release|Win32.ActiveCfg = Release|Win32
		{CFC9272F-2C07-4295-8430-0F65BC2F4E55}.Release|Win32.Build.0 = Release|Win32
		{CFC9272F-2C07-4295-8430-0F65BC2F4E55}.Release|Win32.Deploy.0 = Release|Win32
		{44AD36D8-62FF-4234-873F-35CC548A7314}.Debug|Win32.ActiveCfg = Debug|Win32
		{44AD36D8-62FF-4234-873F-35CC548A7314}.Debug|Win32.Build.0 = Debug|Win32
		{44AD36D8-62FF-4234-873F-35CC548A7314}.Debug|Win32.Deploy.0 = Debug|Win32
		{44AD36D8-62FF-4234-873F-35CC548A7314}.Release|Win32.ActiveCfg = Release|Win32
		{44AD36D8-62FF-4234-873F-35CC548A7314}.Release|Win32.Build.0 = Release|Win32
		{44AD36D8-62FF-4234-873F-35CC548A7314}.Release|Win32.Deploy.0 = Release|Win32
		{8840BC52-0D18-4F53-9368-B7BD7011A07E}.Debug|Win32.ActiveCfg = Debug|Win32
		{8840BC52-0D18-4F53-9368-B7BD7011A07E}.Debug|Win32.Build.0 = Debug|Win32
		{8840BC52-0D18-4F53-9368-B7BD7011A07E}.Debug|Win32.Deploy.0 = Debug|Win32
		{8840BC52-0D18-4F53-9368-B7BD7011A07E}.Release|Win32.ActiveCfg = Release|Win32
		{8840BC52-0D18-4F53-9368-B7BD7011A07E}.Release|Win32.Build.0 = Release|Win32
		{8840BC52-0D18-4F53-9368-B7BD7011A07E}.Release|Win32.Deploy.0 = Release|Win32
		{9166019D-E81F-42E5-97B9-2D8F6B2D797C}.Debug|Win32.ActiveCfg = Debug|Win32
		{9166019D-E81F-42E5-97B9-2D8F6B2D797C}.Debug|Win32.Build.0 = Debug|Win32
		{9166019D-E81F-42E5-97B9-2D8F6B2D797C}.Debug|Win32.Deploy.0 = Debug|Win32
		{9166019D-E81F-42E5-97B9-2D8F6B2D797C}.Release|Win32.ActiveCfg = Release|Win32
		{9166019D-E81F-42E5-97B9-2D8F6B2D797C}.Release|Win32.Build.0 = Release|Win32
		{9166019D-E81F-42E5-97B9-2D8F6B2D797C}.Release|Win32.Deploy.0 = Release|Win32
		{59288C5C-E3E8-4E82-BBF6-020DFC354E73}.Debug|Win32.ActiveCfg = Debug|Win32
		{59288C5C-E3E8-4E82-BBF6-020DFC354E73}.Debug|Win32.Build.0 = Debug|Win32
		{59288C5C-E3E8-4E82-BBF6-020DFC354E73}.Debug|Win32.Deploy.0 = Debug|Win32
		{59288C5C-E3E8-4E82-BBF6-020DFC354E73}.Release|Win32.ActiveCfg = Release|Win32
		{59288C5C-E3E8-4E82-BBF6-020DFC354E73}.Release|Win32.Build.0 = Release|Win32
		{59288C5C-E3E8-4E82-BBF6-020DFC354E73}.Release|Win32.Deploy.0 = Release|Win32
	EndGlobalSection
	GlobalSection(SolutionProperties) = preSolution
		HideSolutionNode = FALSE
	EndGlobalSection
	GlobalSection(NestedProjects) = preSolution
		{7F3E7217-473E-43A7-906D-444DBAE3EEC5} = {D6CD16FF-0026-4431-AB47-8253DAB5607C}
		{6C33C401-D074-4B29-8B0B-55676D3D05CC} = {D6CD16FF-0026-4431-AB47-8253DAB5607C}
		{46FD102A-DA96-4552-9F80-6A2CE3D4A438} = {D6CD16FF-0026-4431-AB47-8253DAB5607C}
		{7E76C8AC-BBFA-494D-AD40-C6A4890472C6} = {D6CD16FF-0026-4431-AB47-8253DAB5607C}
		{7BCF6846-B6D2-4361-8B93-46B356D5100D} = {D6CD16FF-0026-4431-AB47-8253DAB5607C}
		{5CB3E49E-7A9B-436B-81D7-E591A75D9F58} = {D6CD16FF-0026-4431-AB47-8253DAB5607C}
		{C0C9C9D8-5377-4E60-AA91-D4EF5737A9AE} = {D6CD16FF-0026-4431-AB47-8253DAB5607C}
		{2FE5A9DF-C6B8-4E3B-A856-16BBBA98B2F3} = {D6CD16FF-0026-4431-AB47-8253DAB5607C}
		{8BC8018C-9621-4137-BB7F-02EEBC9EB360} = {D6CD16FF-0026-4431-AB47-8253DAB5607C}
		{F5302CDF-1426-470A-AC4A-9A81F558F833} = {D6CD16FF-0026-4431-AB47-8253DAB5607C}
		{FC94455D-54F9-4145-9029-0A605AA4BDDA} = {5CB3E49E-7A9B-436B-81D7-E591A75D9F58}
		{CF4782B0-BD09-4AF6-9E2B-869C91CFA546} = {5CB3E49E-7A9B-436B-81D7-E591A75D9F58}
		{EB222182-2D18-45CA-BEBE-85185BFE8AF2} = {5CB3E49E-7A9B-436B-81D7-E591A75D9F58}
		{7171D785-051D-4338-9244-B3E2DB6B1862} = {5CB3E49E-7A9B-436B-81D7-E591A75D9F58}
		{148516CB-2E76-46C6-95D2-9DA221F3643F} = {5CB3E49E-7A9B-436B-81D7-E591A75D9F58}
		{302B5A89-FB80-4FC4-B554-46F97D5820F3} = {8BC8018C-9621-4137-BB7F-02EEBC9EB360}
		{640E2633-A52A-4126-BB2D-B974A88CB075} = {8BC8018C-9621-4137-BB7F-02EEBC9EB360}
		{DC85CF13-367B-49FC-888A-BBF1486C798D} = {148516CB-2E76-46C6-95D2-9DA221F3643F}
		{9166019D-E81F-42E5-97B9-2D8F6B2D797C} = {3C8C0CF5-80EE-441B-8158-31385E9EFDA4}
	EndGlobalSection
EndGlobal
